
Microsoft Visual Studio Solution File, Format Version 12.00
# Visual Studio Version 17
VisualStudioVersion = 17.14.36202.13
MinimumVisualStudioVersion = 10.0.40219.1
Project("{FAE04EC0-301F-11D3-BF4B-00C04F79EFBC}") = "ControlDeAccesosDesktop", "ControlDeAccesosDesktop\ControlDeAccesosDesktop.csproj", "{C0E30865-DF90-437C-BA56-1FC1D25486C7}"
EndProject
Project("{FAE04EC0-301F-11D3-BF4B-00C04F79EFBC}") = "Core", "Core\Core.csproj", "{DA9A550E-AFBD-4740-BA15-B0664CD9BD6A}"
EndProject
Project("{FAE04EC0-301F-11D3-BF4B-00C04F79EFBC}") = "DataAccess", "DataAccess\DataAccess.csproj", "{314BF945-75C8-4D00-91C8-389D8CBC7595}"
EndProject
Global
	GlobalSection(SolutionConfigurationPlatforms) = preSolution
		Debug|Any CPU = Debug|Any CPU
		Release|Any CPU = Release|Any CPU
	EndGlobalSection
	GlobalSection(ProjectConfigurationPlatforms) = postSolution
		{C0E30865-DF90-437C-BA56-1FC1D25486C7}.Debug|Any CPU.ActiveCfg = Debug|Any CPU
		{C0E30865-DF90-437C-BA56-1FC1D25486C7}.Debug|Any CPU.Build.0 = Debug|Any CPU
		{C0E30865-DF90-437C-BA56-1FC1D25486C7}.Release|Any CPU.ActiveCfg = Release|Any CPU
		{C0E30865-DF90-437C-BA56-1FC1D25486C7}.Release|Any CPU.Build.0 = Release|Any CPU
		{DA9A550E-AFBD-4740-BA15-B0664CD9BD6A}.Debug|Any CPU.ActiveCfg = Debug|Any CPU
		{DA9A550E-AFBD-4740-BA15-B0664CD9BD6A}.Debug|Any CPU.Build.0 = Debug|Any CPU
		{DA9A550E-AFBD-4740-BA15-B0664CD9BD6A}.Release|Any CPU.ActiveCfg = Release|Any CPU
		{DA9A550E-AFBD-4740-BA15-B0664CD9BD6A}.Release|Any CPU.Build.0 = Release|Any CPU
		{314BF945-75C8-4D00-91C8-389D8CBC7595}.Debug|Any CPU.ActiveCfg = Debug|Any CPU
		{314BF945-75C8-4D00-91C8-389D8CBC7595}.Debug|Any CPU.Build.0 = Debug|Any CPU
		{314BF945-75C8-4D00-91C8-389D8CBC7595}.Release|Any CPU.ActiveCfg = Release|Any CPU
		{314BF945-75C8-4D00-91C8-389D8CBC7595}.Release|Any CPU.Build.0 = Release|Any CPU
	EndGlobalSection
	GlobalSection(SolutionProperties) = preSolution
		HideSolutionNode = FALSE
	EndGlobalSection
	GlobalSection(ExtensibilityGlobals) = postSolution
		SolutionGuid = {AF484CE4-4C32-417B-85EE-CDDB4980DE02}
	EndGlobalSection
EndGlobal
